
Microsoft Visual Studio Solution File, Format Version 12.00
# Visual Studio Version 16
VisualStudioVersion = 16.0.30517.126
MinimumVisualStudioVersion = 10.0.40219.1
Project("{9A19103F-16F7-4668-BE54-9A1E7A4F7556}") = "FormulaOneConsole", "FormulaOneConsoleProject\FormulaOneConsole.csproj", "{244B8646-BDB4-4D9F-802F-78A25613AF02}"
EndProject
Project("{9A19103F-16F7-4668-BE54-9A1E7A4F7556}") = "FormulaOneForm", "FormulaOneFormProject\FormulaOneForm.csproj", "{6E8AEDD4-1798-4508-A124-B688C2CCB6A0}"
EndProject
Project("{FAE04EC0-301F-11D3-BF4B-00C04F79EFBC}") = "FormulaOneWebForm", "FormulaOneWebForm\FormulaOneWebForm.csproj", "{F4E34EA2-03B5-4BC1-862F-FA1B0F039CA2}"
EndProject
Project("{FAE04EC0-301F-11D3-BF4B-00C04F79EFBC}") = "FormulaOneDll", "FormulaOneDll\FormulaOneDll.csproj", "{A8A6D143-0864-4050-B4B8-81A2B155560E}"
EndProject
Project("{9A19103F-16F7-4668-BE54-9A1E7A4F7556}") = "FromulaOneWebServices", "FromulaOneWebServices\FromulaOneWebServices.csproj", "{FA4071E8-12ED-4589-A0C2-67411A05B999}"
EndProject
Global
	GlobalSection(SolutionConfigurationPlatforms) = preSolution
		Debug|Any CPU = Debug|Any CPU
		Release|Any CPU = Release|Any CPU
	EndGlobalSection
	GlobalSection(ProjectConfigurationPlatforms) = postSolution
		{244B8646-BDB4-4D9F-802F-78A25613AF02}.Debug|Any CPU.ActiveCfg = Debug|Any CPU
		{244B8646-BDB4-4D9F-802F-78A25613AF02}.Debug|Any CPU.Build.0 = Debug|Any CPU
		{244B8646-BDB4-4D9F-802F-78A25613AF02}.Release|Any CPU.ActiveCfg = Release|Any CPU
		{244B8646-BDB4-4D9F-802F-78A25613AF02}.Release|Any CPU.Build.0 = Release|Any CPU
		{6E8AEDD4-1798-4508-A124-B688C2CCB6A0}.Debug|Any CPU.ActiveCfg = Debug|Any CPU
		{6E8AEDD4-1798-4508-A124-B688C2CCB6A0}.Debug|Any CPU.Build.0 = Debug|Any CPU
		{6E8AEDD4-1798-4508-A124-B688C2CCB6A0}.Release|Any CPU.ActiveCfg = Release|Any CPU
		{6E8AEDD4-1798-4508-A124-B688C2CCB6A0}.Release|Any CPU.Build.0 = Release|Any CPU
		{F4E34EA2-03B5-4BC1-862F-FA1B0F039CA2}.Debug|Any CPU.ActiveCfg = Debug|Any CPU
		{F4E34EA2-03B5-4BC1-862F-FA1B0F039CA2}.Debug|Any CPU.Build.0 = Debug|Any CPU
		{F4E34EA2-03B5-4BC1-862F-FA1B0F039CA2}.Release|Any CPU.ActiveCfg = Release|Any CPU
		{F4E34EA2-03B5-4BC1-862F-FA1B0F039CA2}.Release|Any CPU.Build.0 = Release|Any CPU
		{A8A6D143-0864-4050-B4B8-81A2B155560E}.Debug|Any CPU.ActiveCfg = Debug|Any CPU
		{A8A6D143-0864-4050-B4B8-81A2B155560E}.Debug|Any CPU.Build.0 = Debug|Any CPU
		{A8A6D143-0864-4050-B4B8-81A2B155560E}.Release|Any CPU.ActiveCfg = Release|Any CPU
		{A8A6D143-0864-4050-B4B8-81A2B155560E}.Release|Any CPU.Build.0 = Release|Any CPU
		{FA4071E8-12ED-4589-A0C2-67411A05B999}.Debug|Any CPU.ActiveCfg = Debug|Any CPU
		{FA4071E8-12ED-4589-A0C2-67411A05B999}.Debug|Any CPU.Build.0 = Debug|Any CPU
		{FA4071E8-12ED-4589-A0C2-67411A05B999}.Release|Any CPU.ActiveCfg = Release|Any CPU
		{FA4071E8-12ED-4589-A0C2-67411A05B999}.Release|Any CPU.Build.0 = Release|Any CPU
	EndGlobalSection
	GlobalSection(SolutionProperties) = preSolution
		HideSolutionNode = FALSE
	EndGlobalSection
	GlobalSection(ExtensibilityGlobals) = postSolution
		SolutionGuid = {D8D9F834-037D-4198-B326-FBAC19E3AD7D}
	EndGlobalSection
EndGlobal
