
Microsoft Visual Studio Solution File, Format Version 12.00
# Visual Studio Version 16
VisualStudioVersion = 16.0.30517.126
MinimumVisualStudioVersion = 10.0.40219.1
Project("{9A19103F-16F7-4668-BE54-9A1E7A4F7556}") = "FormulaOneConsoleProject", "FormulaOneConsoleProject\FormulaOneConsoleProject.csproj", "{244B8646-BDB4-4D9F-802F-78A25613AF02}"
EndProject
Project("{FAE04EC0-301F-11D3-BF4B-00C04F79EFBC}") = "FormulaOneDllProject", "FormulaOneDllProject\FormulaOneDllProject.csproj", "{598716B2-2D4B-4AF2-B283-D806595C4BD7}"
EndProject
Global
	GlobalSection(SolutionConfigurationPlatforms) = preSolution
		Debug|Any CPU = Debug|Any CPU
		Release|Any CPU = Release|Any CPU
	EndGlobalSection
	GlobalSection(ProjectConfigurationPlatforms) = postSolution
		{244B8646-BDB4-4D9F-802F-78A25613AF02}.Debug|Any CPU.ActiveCfg = Debug|Any CPU
		{244B8646-BDB4-4D9F-802F-78A25613AF02}.Debug|Any CPU.Build.0 = Debug|Any CPU
		{244B8646-BDB4-4D9F-802F-78A25613AF02}.Release|Any CPU.ActiveCfg = Release|Any CPU
		{244B8646-BDB4-4D9F-802F-78A25613AF02}.Release|Any CPU.Build.0 = Release|Any CPU
		{598716B2-2D4B-4AF2-B283-D806595C4BD7}.Debug|Any CPU.ActiveCfg = Debug|Any CPU
		{598716B2-2D4B-4AF2-B283-D806595C4BD7}.Debug|Any CPU.Build.0 = Debug|Any CPU
		{598716B2-2D4B-4AF2-B283-D806595C4BD7}.Release|Any CPU.ActiveCfg = Release|Any CPU
		{598716B2-2D4B-4AF2-B283-D806595C4BD7}.Release|Any CPU.Build.0 = Release|Any CPU
	EndGlobalSection
	GlobalSection(SolutionProperties) = preSolution
		HideSolutionNode = FALSE
	EndGlobalSection
	GlobalSection(ExtensibilityGlobals) = postSolution
		SolutionGuid = {D8D9F834-037D-4198-B326-FBAC19E3AD7D}
	EndGlobalSection
EndGlobal
